
Microsoft Visual Studio Solution File, Format Version 12.00
# Visual Studio Version 17
VisualStudioVersion = 17.3.32819.101
MinimumVisualStudioVersion = 10.0.40219.1
Project("{9A19103F-16F7-4668-BE54-9A1E7A4F7556}") = "azure-new-web-app", "azure-new-web-app.csproj", "{03369BD2-93AF-4EAC-9A73-CBC06A56C95B}"
EndProject
Global
	GlobalSection(SolutionConfigurationPlatforms) = preSolution
		Debug|Any CPU = Debug|Any CPU
		Release|Any CPU = Release|Any CPU
	EndGlobalSection
	GlobalSection(ProjectConfigurationPlatforms) = postSolution
		{03369BD2-93AF-4EAC-9A73-CBC06A56C95B}.Debug|Any CPU.ActiveCfg = Debug|Any CPU
		{03369BD2-93AF-4EAC-9A73-CBC06A56C95B}.Debug|Any CPU.Build.0 = Debug|Any CPU
		{03369BD2-93AF-4EAC-9A73-CBC06A56C95B}.Release|Any CPU.ActiveCfg = Release|Any CPU
		{03369BD2-93AF-4EAC-9A73-CBC06A56C95B}.Release|Any CPU.Build.0 = Release|Any CPU
	EndGlobalSection
	GlobalSection(SolutionProperties) = preSolution
		HideSolutionNode = FALSE
	EndGlobalSection
	GlobalSection(ExtensibilityGlobals) = postSolution
		SolutionGuid = {62DE5552-8C6B-45E5-9805-E9BC7FD30639}
	EndGlobalSection
EndGlobal
